PODS:
  - KahunaSocialMedia (0.1.8):
    - SQLite.swift (~> 0.10.1)
  - SQLite.swift (0.10.1)

DEPENDENCIES:
  - KahunaSocialMedia (from `../`)
  - SQLite.swift (~> 0.10.1)

EXTERNAL SOURCES:
  KahunaSocialMedia:
    :path: "../"

SPEC CHECKSUMS:
  KahunaSocialMedia: a67619d957a21f492759b57346333a21ab918c48
  SQLite.swift: 6a6e4b034efc317ce4e203b6af2d3024fee2b570

PODFILE CHECKSUM: c2f34370f7d5898ad9e95d49448a6540c3830f95

COCOAPODS: 1.2.0
